
Microsoft Visual Studio Solution File, Format Version 12.00
# Visual Studio Version 17
VisualStudioVersion = 17.0.31903.59
MinimumVisualStudioVersion = 10.0.40219.1
Project("{2150E333-8FDC-42A3-9474-1A3956D46DE8}") = "src", "src", "{59A7AB40-B557-4CDB-AC72-2E18FA085FBD}"
EndProject
Project("{FAE04EC0-301F-11D3-BF4B-00C04F79EFBC}") = "ContractFlow.Api", "src\ContractFlow.Api\ContractFlow.Api.csproj", "{6C6E39F5-F5EF-42E1-BC4B-8999505642F2}"
EndProject
Project("{FAE04EC0-301F-11D3-BF4B-00C04F79EFBC}") = "ContractFlow.Application", "src\ContractFlow.Application\ContractFlow.Application.csproj", "{52443914-7E26-40D1-9D70-67FFF3F43F97}"
EndProject
Project("{FAE04EC0-301F-11D3-BF4B-00C04F79EFBC}") = "ContractFlow.Domain", "src\ContractFlow.Domain\ContractFlow.Domain.csproj", "{77F103B4-2E6C-4407-BD45-3659A7579C5D}"
EndProject
Project("{FAE04EC0-301F-11D3-BF4B-00C04F79EFBC}") = "ContractFlow.Infrastructure", "src\ContractFlow.Infrastructure\ContractFlow.Infrastructure.csproj", "{ED3408E4-7012-4D75-B572-59F72F88C162}"
EndProject
Project("{2150E333-8FDC-42A3-9474-1A3956D46DE8}") = "tests", "tests", "{768EB38B-50BF-4C29-9CEB-A5530D86D3D1}"
EndProject
Project("{FAE04EC0-301F-11D3-BF4B-00C04F79EFBC}") = "ContractFlow.Application.Tests", "tests\ContractFlow.Application.Tests\ContractFlow.Application.Tests.csproj", "{E6346C17-B85E-4EA5-BF4A-DA3B358545DF}"
EndProject
Global
	GlobalSection(SolutionConfigurationPlatforms) = preSolution
		Debug|Any CPU = Debug|Any CPU
		Release|Any CPU = Release|Any CPU
	EndGlobalSection
	GlobalSection(SolutionProperties) = preSolution
		HideSolutionNode = FALSE
	EndGlobalSection
	GlobalSection(ProjectConfigurationPlatforms) = postSolution
		{6C6E39F5-F5EF-42E1-BC4B-8999505642F2}.Debug|Any CPU.ActiveCfg = Debug|Any CPU
		{6C6E39F5-F5EF-42E1-BC4B-8999505642F2}.Debug|Any CPU.Build.0 = Debug|Any CPU
		{6C6E39F5-F5EF-42E1-BC4B-8999505642F2}.Release|Any CPU.ActiveCfg = Release|Any CPU
		{6C6E39F5-F5EF-42E1-BC4B-8999505642F2}.Release|Any CPU.Build.0 = Release|Any CPU
		{52443914-7E26-40D1-9D70-67FFF3F43F97}.Debug|Any CPU.ActiveCfg = Debug|Any CPU
		{52443914-7E26-40D1-9D70-67FFF3F43F97}.Debug|Any CPU.Build.0 = Debug|Any CPU
		{52443914-7E26-40D1-9D70-67FFF3F43F97}.Release|Any CPU.ActiveCfg = Release|Any CPU
		{52443914-7E26-40D1-9D70-67FFF3F43F97}.Release|Any CPU.Build.0 = Release|Any CPU
		{77F103B4-2E6C-4407-BD45-3659A7579C5D}.Debug|Any CPU.ActiveCfg = Debug|Any CPU
		{77F103B4-2E6C-4407-BD45-3659A7579C5D}.Debug|Any CPU.Build.0 = Debug|Any CPU
		{77F103B4-2E6C-4407-BD45-3659A7579C5D}.Release|Any CPU.ActiveCfg = Release|Any CPU
		{77F103B4-2E6C-4407-BD45-3659A7579C5D}.Release|Any CPU.Build.0 = Release|Any CPU
		{ED3408E4-7012-4D75-B572-59F72F88C162}.Debug|Any CPU.ActiveCfg = Debug|Any CPU
		{ED3408E4-7012-4D75-B572-59F72F88C162}.Debug|Any CPU.Build.0 = Debug|Any CPU
		{ED3408E4-7012-4D75-B572-59F72F88C162}.Release|Any CPU.ActiveCfg = Release|Any CPU
		{ED3408E4-7012-4D75-B572-59F72F88C162}.Release|Any CPU.Build.0 = Release|Any CPU
		{E6346C17-B85E-4EA5-BF4A-DA3B358545DF}.Debug|Any CPU.ActiveCfg = Debug|Any CPU
		{E6346C17-B85E-4EA5-BF4A-DA3B358545DF}.Debug|Any CPU.Build.0 = Debug|Any CPU
		{E6346C17-B85E-4EA5-BF4A-DA3B358545DF}.Release|Any CPU.ActiveCfg = Release|Any CPU
		{E6346C17-B85E-4EA5-BF4A-DA3B358545DF}.Release|Any CPU.Build.0 = Release|Any CPU
	EndGlobalSection
	GlobalSection(NestedProjects) = preSolution
		{6C6E39F5-F5EF-42E1-BC4B-8999505642F2} = {59A7AB40-B557-4CDB-AC72-2E18FA085FBD}
		{52443914-7E26-40D1-9D70-67FFF3F43F97} = {59A7AB40-B557-4CDB-AC72-2E18FA085FBD}
		{77F103B4-2E6C-4407-BD45-3659A7579C5D} = {59A7AB40-B557-4CDB-AC72-2E18FA085FBD}
		{ED3408E4-7012-4D75-B572-59F72F88C162} = {59A7AB40-B557-4CDB-AC72-2E18FA085FBD}
		{E6346C17-B85E-4EA5-BF4A-DA3B358545DF} = {768EB38B-50BF-4C29-9CEB-A5530D86D3D1}
	EndGlobalSection
EndGlobal
